# This file is automatically @generated by Cargo.
# It is not intended for manual editing.
version = 4

[[package]]
name = "um-vfs-abi"
version = "0.1.0"
dependencies = [
 "zigbone-abi",
]

[[package]]
name = "zigbone-abi"
version = "0.1.0"

[[patch.unused]]
name = "um-cfs"
version = "0.1.0"

[[patch.unused]]
name = "runtime"
version = "0.1.0"

[[patch.unused]]
name = "block-abi"
version = "0.1.0"

[[patch.unused]]
name = "km-ps2-abi"
version = "0.1.0"

[[patch.unused]]
name = "um-parttable-abi"
version = "0.1.0"
