# This file is automatically @generated by Cargo.
# It is not intended for manual editing.
version = 4

[[package]]
name = "um-vfs-abi"
version = "0.1.0"
dependencies = [
 "zigbone-abi",
]

[[package]]
name = "zigbone-abi"
version = "0.1.0"
source = "git+https://github.com/crux-os/zigbone-abi.git#cb57a4f684cf0f67898f4de21331285492bcd587"
